// !$*UTF8*$!
{
	archiveVersion = 1;
	classes = {};
	objectVersion = 56;
	objects = {

/* Begin PBXBuildFile section */
		B001 /* HFPPlayerApp.swift */        = {isa = PBXBuildFile; fileRef = F001; };
		B002 /* ContentView.swift */         = {isa = PBXBuildFile; fileRef = F002; };
		B003 /* Song.swift */               = {isa = PBXBuildFile; fileRef = F003; };
		B004 /* PlayerViewModel.swift */    = {isa = PBXBuildFile; fileRef = F004; };
		B005 /* AudioSessionManager.swift */= {isa = PBXBuildFile; fileRef = F005; };
		B006 /* MusicLibrary.swift */       = {isa = PBXBuildFile; fileRef = F006; };
		B007 /* HFPManager.swift */         = {isa = PBXBuildFile; fileRef = F007; };
		B008 /* FolderBrowserView.swift */  = {isa = PBXBuildFile; fileRef = F008; };
		B009 /* SongsListView.swift */      = {isa = PBXBuildFile; fileRef = F009; };
		B010 /* PlayerView.swift */         = {isa = PBXBuildFile; fileRef = F010; };
		B011 /* MiniPlayerView.swift */     = {isa = PBXBuildFile; fileRef = F011; };
		B012 /* SettingsView.swift */       = {isa = PBXBuildFile; fileRef = F012; };
/* End PBXBuildFile section */

/* Begin PBXFileReference section */
		F001 = {isa = PBXFileReference; lastKnownFileType = sourcecode.swift; path = HFPPlayerApp.swift;               sourceTree = SOURCE_ROOT; };
		F002 = {isa = PBXFileReference; lastKnownFileType = sourcecode.swift; path = ContentView.swift;                sourceTree = SOURCE_ROOT; };
		F003 = {isa = PBXFileReference; lastKnownFileType = sourcecode.swift; path = "Models/Song.swift";              sourceTree = SOURCE_ROOT; };
		F004 = {isa = PBXFileReference; lastKnownFileType = sourcecode.swift; path = "ViewModels/PlayerViewModel.swift"; sourceTree = SOURCE_ROOT; };
		F005 = {isa = PBXFileReference; lastKnownFileType = sourcecode.swift; path = "Services/AudioSessionManager.swift"; sourceTree = SOURCE_ROOT; };
		F006 = {isa = PBXFileReference; lastKnownFileType = sourcecode.swift; path = "Services/MusicLibrary.swift";    sourceTree = SOURCE_ROOT; };
		F007 = {isa = PBXFileReference; lastKnownFileType = sourcecode.swift; path = "Services/HFPManager.swift";      sourceTree = SOURCE_ROOT; };
		F008 = {isa = PBXFileReference; lastKnownFileType = sourcecode.swift; path = "Views/FolderBrowserView.swift";  sourceTree = SOURCE_ROOT; };
		F009 = {isa = PBXFileReference; lastKnownFileType = sourcecode.swift; path = "Views/SongsListView.swift";      sourceTree = SOURCE_ROOT; };
		F010 = {isa = PBXFileReference; lastKnownFileType = sourcecode.swift; path = "Views/PlayerView.swift";         sourceTree = SOURCE_ROOT; };
		F011 = {isa = PBXFileReference; lastKnownFileType = sourcecode.swift; path = "Views/MiniPlayerView.swift";     sourceTree = SOURCE_ROOT; };
		F012 = {isa = PBXFileReference; lastKnownFileType = sourcecode.swift; path = "Views/SettingsView.swift";       sourceTree = SOURCE_ROOT; };
		FINFO = {isa = PBXFileReference; lastKnownFileType = text.plist.xml;  path = Info.plist;                       sourceTree = SOURCE_ROOT; };
		FAPP  = {isa = PBXFileReference; explicitFileType = wrapper.application; includeInIndex = 0; path = HFPPlayer.app; sourceTree = BUILT_PRODUCTS_DIR; };
/* End PBXFileReference section */

/* Begin PBXFrameworksBuildPhase section */
		PH_FWK = {isa = PBXFrameworksBuildPhase; buildActionMask = 2147483647; files = (); runOnlyForDeploymentPostprocessing = 0; };
/* End PBXFrameworksBuildPhase section */

/* Begin PBXGroup section */
		GRP_ROOT = {isa = PBXGroup; children = (GRP_SRC, GRP_PROD); sourceTree = "<group>"; };
		GRP_PROD = {isa = PBXGroup; children = (FAPP); name = Products; sourceTree = "<group>"; };
		GRP_SRC  = {isa = PBXGroup; children = (F001, F002, FINFO, GRP_MOD, GRP_VM, GRP_SVC, GRP_VW); name = HFPPlayer; sourceTree = "<group>"; };
		GRP_MOD  = {isa = PBXGroup; children = (F003); name = Models;     sourceTree = "<group>"; };
		GRP_VM   = {isa = PBXGroup; children = (F004); name = ViewModels; sourceTree = "<group>"; };
		GRP_SVC  = {isa = PBXGroup; children = (F005, F006, F007); name = Services; sourceTree = "<group>"; };
		GRP_VW   = {isa = PBXGroup; children = (F008, F009, F010, F011, F012); name = Views; sourceTree = "<group>"; };
/* End PBXGroup section */

/* Begin PBXNativeTarget section */
		TGT = {
			isa = PBXNativeTarget;
			buildConfigurationList = CFGL_TGT;
			buildPhases = (PH_SRC, PH_FWK, PH_RES);
			buildRules = ();
			dependencies = ();
			name = HFPPlayer;
			productName = HFPPlayer;
			productReference = FAPP;
			productType = "com.apple.product-type.application";
		};
/* End PBXNativeTarget section */

/* Begin PBXProject section */
		PROJ = {
			isa = PBXProject;
			attributes = {
				BuildIndependentTargetsInParallel = 1;
				LastSwiftUpdateCheck = 1500;
				LastUpgradeCheck = 1500;
				TargetAttributes = { TGT = { CreatedOnToolsVersion = 15.0; }; };
			};
			buildConfigurationList = CFGL_PROJ;
			compatibilityVersion = "Xcode 14.0";
			developmentRegion = en;
			hasScannedForEncodings = 0;
			knownRegions = (en, Base);
			mainGroup = GRP_ROOT;
			productRefGroup = GRP_PROD;
			projectDirPath = "";
			projectRoot = "";
			targets = (TGT);
		};
/* End PBXProject section */

/* Begin PBXResourcesBuildPhase section */
		PH_RES = {isa = PBXResourcesBuildPhase; buildActionMask = 2147483647; files = (); runOnlyForDeploymentPostprocessing = 0; };
/* End PBXResourcesBuildPhase section */

/* Begin PBXSourcesBuildPhase section */
		PH_SRC = {
			isa = PBXSourcesBuildPhase;
			buildActionMask = 2147483647;
			files = (B001,B002,B003,B004,B005,B006,B007,B008,B009,B010,B011,B012);
			runOnlyForDeploymentPostprocessing = 0;
		};
/* End PBXSourcesBuildPhase section */

/* Begin XCBuildConfiguration section */
		CFG_PROJ_DBG = {
			isa = XCBuildConfiguration;
			buildSettings = {
				ALWAYS_SEARCH_USER_PATHS = NO;
				DEBUG_INFORMATION_FORMAT = dwarf;
				ENABLE_TESTABILITY = YES;
				GCC_OPTIMIZATION_LEVEL = 0;
				GCC_PREPROCESSOR_DEFINITIONS = ("DEBUG=1","$(inherited)");
				ONLY_ACTIVE_ARCH = YES;
				SWIFT_ACTIVE_COMPILATION_CONDITIONS = DEBUG;
				SWIFT_OPTIMIZATION_LEVEL = "-Onone";
			};
			name = Debug;
		};
		CFG_PROJ_REL = {
			isa = XCBuildConfiguration;
			buildSettings = {
				ALWAYS_SEARCH_USER_PATHS = NO;
				DEBUG_INFORMATION_FORMAT = "dwarf-with-dsym";
				ENABLE_NS_ASSERTIONS = NO;
				SWIFT_COMPILATION_MODE = wholemodule;
				SWIFT_OPTIMIZATION_LEVEL = "-O";
			};
			name = Release;
		};
		CFG_TGT_DBG = {
			isa = XCBuildConfiguration;
			buildSettings = {
				CODE_SIGN_STYLE = Automatic;
				CURRENT_PROJECT_VERSION = 1;
				DEVELOPMENT_TEAM = "";
				GENERATE_INFOPLIST_FILE = NO;
				INFOPLIST_FILE = Info.plist;
				IPHONEOS_DEPLOYMENT_TARGET = 15.0;
				LD_RUNPATH_SEARCH_PATHS = ("$(inherited)","@executable_path/Frameworks");
				MARKETING_VERSION = 1.0;
				PRODUCT_BUNDLE_IDENTIFIER = com.hfpplayer.app;
				PRODUCT_NAME = "$(TARGET_NAME)";
				SWIFT_EMIT_LOC_STRINGS = YES;
				SWIFT_VERSION = 5.0;
				TARGETED_DEVICE_FAMILY = 1;
			};
			name = Debug;
		};
		CFG_TGT_REL = {
			isa = XCBuildConfiguration;
			buildSettings = {
				CODE_SIGN_STYLE = Automatic;
				CURRENT_PROJECT_VERSION = 1;
				DEVELOPMENT_TEAM = "";
				GENERATE_INFOPLIST_FILE = NO;
				INFOPLIST_FILE = Info.plist;
				IPHONEOS_DEPLOYMENT_TARGET = 15.0;
				LD_RUNPATH_SEARCH_PATHS = ("$(inherited)","@executable_path/Frameworks");
				MARKETING_VERSION = 1.0;
				PRODUCT_BUNDLE_IDENTIFIER = com.hfpplayer.app;
				PRODUCT_NAME = "$(TARGET_NAME)";
				SWIFT_EMIT_LOC_STRINGS = YES;
				SWIFT_VERSION = 5.0;
				TARGETED_DEVICE_FAMILY = 1;
			};
			name = Release;
		};
/* End XCBuildConfiguration section */

/* Begin XCConfigurationList section */
		CFGL_PROJ = {isa = XCConfigurationList; buildConfigurations = (CFG_PROJ_DBG, CFG_PROJ_REL); defaultConfigurationIsVisible = 0; defaultConfigurationName = Release; };
		CFGL_TGT  = {isa = XCConfigurationList; buildConfigurations = (CFG_TGT_DBG,  CFG_TGT_REL);  defaultConfigurationIsVisible = 0; defaultConfigurationName = Release; };
/* End XCConfigurationList section */

	};
	rootObject = PROJ;
}
